
Microsoft Visual Studio Solution File, Format Version 12.00
# Visual Studio Version 17
VisualStudioVersion = 17.5.33530.505
MinimumVisualStudioVersion = 10.0.40219.1
Project("{9A19103F-16F7-4668-BE54-9A1E7A4F7556}") = "Kiln", "Kiln.csproj", "{51ECCBF9-E720-43AB-95D9-F3B4D2B07EF9}"
EndProject
Global
	GlobalSection(SolutionConfigurationPlatforms) = preSolution
		Debug|Any CPU = Debug|Any CPU
		Release|Any CPU = Release|Any CPU
	EndGlobalSection
	GlobalSection(ProjectConfigurationPlatforms) = postSolution
		{51ECCBF9-E720-43AB-95D9-F3B4D2B07EF9}.Debug|Any CPU.ActiveCfg = Debug|Any CPU
		{51ECCBF9-E720-43AB-95D9-F3B4D2B07EF9}.Debug|Any CPU.Build.0 = Debug|Any CPU
		{51ECCBF9-E720-43AB-95D9-F3B4D2B07EF9}.Release|Any CPU.ActiveCfg = Release|Any CPU
		{51ECCBF9-E720-43AB-95D9-F3B4D2B07EF9}.Release|Any CPU.Build.0 = Release|Any CPU
	EndGlobalSection
	GlobalSection(SolutionProperties) = preSolution
		HideSolutionNode = FALSE
	EndGlobalSection
	GlobalSection(ExtensibilityGlobals) = postSolution
		SolutionGuid = {A50516DA-1BA5-4C64-8811-8C09A58B402F}
	EndGlobalSection
EndGlobal
